
Microsoft Visual Studio Solution File, Format Version 12.00
# Visual Studio Version 17
VisualStudioVersion = 17.8.34330.188
MinimumVisualStudioVersion = 10.0.40219.1
Project("{9A19103F-16F7-4668-BE54-9A1E7A4F7556}") = "SampleProj.Infra", "SampleProj.Infra\SampleProj.Infra.csproj", "{476B1471-C915-4F59-A060-D235050920FB}"
EndProject
Project("{9A19103F-16F7-4668-BE54-9A1E7A4F7556}") = "SampleProj.Repo", "SampleProj.Repo\SampleProj.Repo.csproj", "{D9F3970C-7B09-4906-A0AA-2EC992D29E14}"
EndProject
Project("{9A19103F-16F7-4668-BE54-9A1E7A4F7556}") = "SampleProj.Service", "SampleProj.Service\SampleProj.Service.csproj", "{316A43A4-6EB4-4292-9BB8-144BF5B5DBF6}"
EndProject
Project("{9A19103F-16F7-4668-BE54-9A1E7A4F7556}") = "SampleProj.Shared", "SampleProj.Shared\SampleProj.Shared.csproj", "{19DE9EC5-3D38-4162-86DB-D50C6E2B1951}"
EndProject
Project("{FAE04EC0-301F-11D3-BF4B-00C04F79EFBC}") = "SampleProj.API", "SampleProj.API\SampleProj.API.csproj", "{CC3D40AE-3A78-4A76-B47E-418A645B381F}"
EndProject
Global
	GlobalSection(SolutionConfigurationPlatforms) = preSolution
		Debug|Any CPU = Debug|Any CPU
		Release|Any CPU = Release|Any CPU
	EndGlobalSection
	GlobalSection(ProjectConfigurationPlatforms) = postSolution
		{476B1471-C915-4F59-A060-D235050920FB}.Debug|Any CPU.ActiveCfg = Debug|Any CPU
		{476B1471-C915-4F59-A060-D235050920FB}.Debug|Any CPU.Build.0 = Debug|Any CPU
		{476B1471-C915-4F59-A060-D235050920FB}.Release|Any CPU.ActiveCfg = Release|Any CPU
		{476B1471-C915-4F59-A060-D235050920FB}.Release|Any CPU.Build.0 = Release|Any CPU
		{D9F3970C-7B09-4906-A0AA-2EC992D29E14}.Debug|Any CPU.ActiveCfg = Debug|Any CPU
		{D9F3970C-7B09-4906-A0AA-2EC992D29E14}.Debug|Any CPU.Build.0 = Debug|Any CPU
		{D9F3970C-7B09-4906-A0AA-2EC992D29E14}.Release|Any CPU.ActiveCfg = Release|Any CPU
		{D9F3970C-7B09-4906-A0AA-2EC992D29E14}.Release|Any CPU.Build.0 = Release|Any CPU
		{316A43A4-6EB4-4292-9BB8-144BF5B5DBF6}.Debug|Any CPU.ActiveCfg = Debug|Any CPU
		{316A43A4-6EB4-4292-9BB8-144BF5B5DBF6}.Debug|Any CPU.Build.0 = Debug|Any CPU
		{316A43A4-6EB4-4292-9BB8-144BF5B5DBF6}.Release|Any CPU.ActiveCfg = Release|Any CPU
		{316A43A4-6EB4-4292-9BB8-144BF5B5DBF6}.Release|Any CPU.Build.0 = Release|Any CPU
		{19DE9EC5-3D38-4162-86DB-D50C6E2B1951}.Debug|Any CPU.ActiveCfg = Debug|Any CPU
		{19DE9EC5-3D38-4162-86DB-D50C6E2B1951}.Debug|Any CPU.Build.0 = Debug|Any CPU
		{19DE9EC5-3D38-4162-86DB-D50C6E2B1951}.Release|Any CPU.ActiveCfg = Release|Any CPU
		{19DE9EC5-3D38-4162-86DB-D50C6E2B1951}.Release|Any CPU.Build.0 = Release|Any CPU
		{CC3D40AE-3A78-4A76-B47E-418A645B381F}.Debug|Any CPU.ActiveCfg = Debug|Any CPU
		{CC3D40AE-3A78-4A76-B47E-418A645B381F}.Debug|Any CPU.Build.0 = Debug|Any CPU
		{CC3D40AE-3A78-4A76-B47E-418A645B381F}.Release|Any CPU.ActiveCfg = Release|Any CPU
		{CC3D40AE-3A78-4A76-B47E-418A645B381F}.Release|Any CPU.Build.0 = Release|Any CPU
	EndGlobalSection
	GlobalSection(SolutionProperties) = preSolution
		HideSolutionNode = FALSE
	EndGlobalSection
	GlobalSection(ExtensibilityGlobals) = postSolution
		SolutionGuid = {6CDE8CDA-734A-407E-95A5-C566C575AE9A}
	EndGlobalSection
EndGlobal
